{
    "_readme": [
        "This file locks the dependencies of your project to a known state",
        "Read more about it at https://getcomposer.org/doc/01-basic-usage.md#composer-lock-the-lock-file",
        "This file is @generated automatically"
    ],
    "content-hash": "6d2d96408412aec5b086f030fcf18c3f",
    "packages": [
        {
            "name": "minimit/xtend-library",
            "version": "v0.1.5",
            "source": {
                "type": "git",
                "url": "https://github.com/minimit/xtend-library.git",
                "reference": "5246512675af9e239a9f71a1d65f4de5a3afc1d9"
            },
            "dist": {
                "type": "zip",
                "url": "https://api.github.com/repos/minimit/xtend-library/zipball/5246512675af9e239a9f71a1d65f4de5a3afc1d9",
                "reference": "5246512675af9e239a9f71a1d65f4de5a3afc1d9",
                "shasum": ""
            },
            "type": "library",
            "notification-url": "https://packagist.org/downloads/",
            "license": [
                "MIT"
            ],
            "description": "Frontend library",
            "time": "2018-04-10T13:51:57+00:00"
        }
    ],
    "packages-dev": [],
    "aliases": [],
    "minimum-stability": "stable",
    "stability-flags": [],
    "prefer-stable": false,
    "prefer-lowest": false,
    "platform": [],
    "platform-dev": []
}
