{
    "_readme": [
        "This file locks the dependencies of your project to a known state",
        "Read more about it at https://getcomposer.org/doc/01-basic-usage.md#composer-lock-the-lock-file",
        "This file is @generated automatically"
    ],
    "content-hash": "53f805e946c3bb9f48d8af46cb9f6661",
    "packages": [
        {
            "name": "minimit/xtend-library",
            "version": "v0.3.4",
            "source": {
                "type": "git",
                "url": "https://github.com/minimit/xtend-library.git",
                "reference": "8b7be83a707c933a23fcc549c92533c755f269fe"
            },
            "dist": {
                "type": "zip",
                "url": "https://api.github.com/repos/minimit/xtend-library/zipball/8b7be83a707c933a23fcc549c92533c755f269fe",
                "reference": "8b7be83a707c933a23fcc549c92533c755f269fe",
                "shasum": ""
            },
            "type": "library",
            "notification-url": "https://packagist.org/downloads/",
            "license": [
                "MIT"
            ],
            "description": "Frontend library",
            "time": "2018-04-19T12:35:51+00:00"
        }
    ],
    "packages-dev": [],
    "aliases": [],
    "minimum-stability": "stable",
    "stability-flags": [],
    "prefer-stable": false,
    "prefer-lowest": false,
    "platform": [],
    "platform-dev": []
}
