{
  "name": "xtend-magento",
  "version": "1.0.1",
  "lockfileVersion": 1,
  "requires": true,
  "dependencies": {
    "xtend-library": {
      "version": "0.0.9",
      "resolved": "https://registry.npmjs.org/xtend-library/-/xtend-library-0.0.9.tgz",
      "integrity": "sha512-0XSmNLrhWPEoJ7ZzhLKI0URstV77sBKOlThHGjXadyVEs6C26ruvmumwXTlUX2mDHSQqbBQr1UsW9lLfpoBXRA==",
      "dependencies": {
        "xtend-library": {
          "version": "0.0.7",
          "resolved": "https://registry.npmjs.org/xtend-library/-/xtend-library-0.0.7.tgz",
          "integrity": "sha512-11EwqHLDH2cjGPU3h7vmewvk9Bxa9HjnBkqpIx2Xq17nGFuiPEsNfzluc1esRMYU55HXBV4eXWqfn/avU7EYKA=="
        }
      }
    }
  }
}
